
Microsoft Visual Studio Solution File, Format Version 12.00
# Visual Studio Express 2012 for Windows Desktop
Project("{FAE04EC0-301F-11D3-BF4B-00C04F79EFBC}") = "LBCParser", "LBCParser\LBCParser.csproj", "{8489D036-9823-498C-9EE8-656B8FBDD250}"
EndProject
Global
	GlobalSection(SolutionConfigurationPlatforms) = preSolution
		Debug|Any CPU = Debug|Any CPU
		Release|Any CPU = Release|Any CPU
	EndGlobalSection
	GlobalSection(ProjectConfigurationPlatforms) = postSolution
		{8489D036-9823-498C-9EE8-656B8FBDD250}.Debug|Any CPU.ActiveCfg = Debug|Any CPU
		{8489D036-9823-498C-9EE8-656B8FBDD250}.Debug|Any CPU.Build.0 = Debug|Any CPU
		{8489D036-9823-498C-9EE8-656B8FBDD250}.Release|Any CPU.ActiveCfg = Release|Any CPU
		{8489D036-9823-498C-9EE8-656B8FBDD250}.Release|Any CPU.Build.0 = Release|Any CPU
	EndGlobalSection
	GlobalSection(SolutionProperties) = preSolution
		HideSolutionNode = FALSE
	EndGlobalSection
EndGlobal
